
Microsoft Visual Studio Solution File, Format Version 12.00
# Visual Studio 15
VisualStudioVersion = 15.0.27004.2002
MinimumVisualStudioVersion = 10.0.40219.1
Project("{FAE04EC0-301F-11D3-BF4B-00C04F79EFBC}") = "VirtualTailorMain", "VirtualTailorMain.csproj", "{A1A4EB2E-4163-41B6-8A07-7A28D648816F}"
EndProject
Project("{FAE04EC0-301F-11D3-BF4B-00C04F79EFBC}") = "Microsoft.Kinect.Toolkit", "Microsoft.Kinect.Toolkit\Microsoft.Kinect.Toolkit.csproj", "{C6F9C31B-6130-4443-A5CC-EF0664552ECD}"
EndProject
Project("{FAE04EC0-301F-11D3-BF4B-00C04F79EFBC}") = "VirtualTailorMainTests", "..\VirtualTailorMainTests\VirtualTailorMainTests.csproj", "{4F7FC45B-3BF5-4505-B641-32537C04026A}"
EndProject
Global
	GlobalSection(SolutionConfigurationPlatforms) = preSolution
		Debug|Any CPU = Debug|Any CPU
		Release|Any CPU = Release|Any CPU
	EndGlobalSection
	GlobalSection(ProjectConfigurationPlatforms) = postSolution
		{A1A4EB2E-4163-41B6-8A07-7A28D648816F}.Debug|Any CPU.ActiveCfg = Debug|Any CPU
		{A1A4EB2E-4163-41B6-8A07-7A28D648816F}.Debug|Any CPU.Build.0 = Debug|Any CPU
		{A1A4EB2E-4163-41B6-8A07-7A28D648816F}.Release|Any CPU.ActiveCfg = Release|Any CPU
		{A1A4EB2E-4163-41B6-8A07-7A28D648816F}.Release|Any CPU.Build.0 = Release|Any CPU
		{C6F9C31B-6130-4443-A5CC-EF0664552ECD}.Debug|Any CPU.ActiveCfg = Debug|Any CPU
		{C6F9C31B-6130-4443-A5CC-EF0664552ECD}.Debug|Any CPU.Build.0 = Debug|Any CPU
		{C6F9C31B-6130-4443-A5CC-EF0664552ECD}.Release|Any CPU.ActiveCfg = Release|Any CPU
		{C6F9C31B-6130-4443-A5CC-EF0664552ECD}.Release|Any CPU.Build.0 = Release|Any CPU
		{4F7FC45B-3BF5-4505-B641-32537C04026A}.Debug|Any CPU.ActiveCfg = Debug|Any CPU
		{4F7FC45B-3BF5-4505-B641-32537C04026A}.Debug|Any CPU.Build.0 = Debug|Any CPU
		{4F7FC45B-3BF5-4505-B641-32537C04026A}.Release|Any CPU.ActiveCfg = Release|Any CPU
		{4F7FC45B-3BF5-4505-B641-32537C04026A}.Release|Any CPU.Build.0 = Release|Any CPU
	EndGlobalSection
	GlobalSection(SolutionProperties) = preSolution
		HideSolutionNode = FALSE
	EndGlobalSection
	GlobalSection(ExtensibilityGlobals) = postSolution
		SolutionGuid = {AE8EA90F-74CC-42D9-8BEB-D14E2BFA4DE8}
	EndGlobalSection
EndGlobal
